// !$*UTF8*$!
{
	archiveVersion = 1;
	classes = {
	};
	objectVersion = 50;
	objects = {

/* Begin PBXBuildFile section */
		712A36A0262A534B0087CE13 /* OrderView.swift in Sources */ = {isa = PBXBuildFile; fileRef = 712A369F262A534B0087CE13 /* OrderView.swift */; };
		712A36A3262A56A50087CE13 /* MainView.swift in Sources */ = {isa = PBXBuildFile; fileRef = 712A36A2262A56A50087CE13 /* MainView.swift */; };
		7191980C2620D41E00D9BE2D /* iDienApp.swift in Sources */ = {isa = PBXBuildFile; fileRef = 7191980B2620D41E00D9BE2D /* iDienApp.swift */; };
		7191980E2620D41E00D9BE2D /* ContentView.swift in Sources */ = {isa = PBXBuildFile; fileRef = 7191980D2620D41E00D9BE2D /* ContentView.swift */; };
		719198102620D41E00D9BE2D /* Assets.xcassets in Resources */ = {isa = PBXBuildFile; fileRef = 7191980F2620D41E00D9BE2D /* Assets.xcassets */; };
		719198132620D41E00D9BE2D /* Preview Assets.xcassets in Resources */ = {isa = PBXBuildFile; fileRef = 719198122620D41E00D9BE2D /* Preview Assets.xcassets */; };
		7191981C2620D50F00D9BE2D /* Helper.swift in Sources */ = {isa = PBXBuildFile; fileRef = 7191981B2620D50F00D9BE2D /* Helper.swift */; };
		719198202620D56100D9BE2D /* Order.swift in Sources */ = {isa = PBXBuildFile; fileRef = 7191981E2620D56100D9BE2D /* Order.swift */; };
		719198212620D56100D9BE2D /* Menu.swift in Sources */ = {isa = PBXBuildFile; fileRef = 7191981F2620D56100D9BE2D /* Menu.swift */; };
		719198242620D5B800D9BE2D /* menu.json in Resources */ = {isa = PBXBuildFile; fileRef = 719198232620D5B800D9BE2D /* menu.json */; };
		71A4D2F326349FC6008A2ADF /* CheckOutView.swift in Sources */ = {isa = PBXBuildFile; fileRef = 71A4D2F226349FC6008A2ADF /* CheckOutView.swift */; };
		71A60CA02623741C001ED06A /* ItemRow.swift in Sources */ = {isa = PBXBuildFile; fileRef = 71A60C9F2623741C001ED06A /* ItemRow.swift */; };
		71A60CA326237EAA001ED06A /* ItemDetail.swift in Sources */ = {isa = PBXBuildFile; fileRef = 71A60CA226237EAA001ED06A /* ItemDetail.swift */; };
/* End PBXBuildFile section */

/* Begin PBXFileReference section */
		712A369F262A534B0087CE13 /* OrderView.swift */ = {isa = PBXFileReference; lastKnownFileType = sourcecode.swift; path = OrderView.swift; sourceTree = "<group>"; };
		712A36A2262A56A50087CE13 /* MainView.swift */ = {isa = PBXFileReference; lastKnownFileType = sourcecode.swift; path = MainView.swift; sourceTree = "<group>"; };
		719198082620D41E00D9BE2D /* iDien.app */ = {isa = PBXFileReference; explicitFileType = wrapper.application; includeInIndex = 0; path = iDien.app; sourceTree = BUILT_PRODUCTS_DIR; };
		7191980B2620D41E00D9BE2D /* iDienApp.swift */ = {isa = PBXFileReference; lastKnownFileType = sourcecode.swift; path = iDienApp.swift; sourceTree = "<group>"; };
		7191980D2620D41E00D9BE2D /* ContentView.swift */ = {isa = PBXFileReference; lastKnownFileType = sourcecode.swift; path = ContentView.swift; sourceTree = "<group>"; };
		7191980F2620D41E00D9BE2D /* Assets.xcassets */ = {isa = PBXFileReference; lastKnownFileType = folder.assetcatalog; path = Assets.xcassets; sourceTree = "<group>"; };
		719198122620D41E00D9BE2D /* Preview Assets.xcassets */ = {isa = PBXFileReference; lastKnownFileType = folder.assetcatalog; path = "Preview Assets.xcassets"; sourceTree = "<group>"; };
		719198142620D41E00D9BE2D /* Info.plist */ = {isa = PBXFileReference; lastKnownFileType = text.plist.xml; path = Info.plist; sourceTree = "<group>"; };
		7191981B2620D50F00D9BE2D /* Helper.swift */ = {isa = PBXFileReference; fileEncoding = 4; lastKnownFileType = sourcecode.swift; name = Helper.swift; path = ../../../Downloads/idine/Helper.swift; sourceTree = "<group>"; };
		7191981E2620D56100D9BE2D /* Order.swift */ = {isa = PBXFileReference; fileEncoding = 4; lastKnownFileType = sourcecode.swift; name = Order.swift; path = ../../../Downloads/idine/Order.swift; sourceTree = "<group>"; };
		7191981F2620D56100D9BE2D /* Menu.swift */ = {isa = PBXFileReference; fileEncoding = 4; lastKnownFileType = sourcecode.swift; name = Menu.swift; path = ../../../Downloads/idine/Menu.swift; sourceTree = "<group>"; };
		719198232620D5B800D9BE2D /* menu.json */ = {isa = PBXFileReference; fileEncoding = 4; lastKnownFileType = text.json; name = menu.json; path = ../../../Downloads/idine/menu.json; sourceTree = "<group>"; };
		71A4D2F226349FC6008A2ADF /* CheckOutView.swift */ = {isa = PBXFileReference; lastKnownFileType = sourcecode.swift; path = CheckOutView.swift; sourceTree = "<group>"; };
		71A60C9F2623741C001ED06A /* ItemRow.swift */ = {isa = PBXFileReference; lastKnownFileType = sourcecode.swift; path = ItemRow.swift; sourceTree = "<group>"; };
		71A60CA226237EAA001ED06A /* ItemDetail.swift */ = {isa = PBXFileReference; lastKnownFileType = sourcecode.swift; path = ItemDetail.swift; sourceTree = "<group>"; };
/* End PBXFileReference section */

/* Begin PBXFrameworksBuildPhase section */
		719198052620D41E00D9BE2D /* Frameworks */ = {
			isa = PBXFrameworksBuildPhase;
			buildActionMask = 2147483647;
			files = (
			);
			runOnlyForDeploymentPostprocessing = 0;
		};
/* End PBXFrameworksBuildPhase section */

/* Begin PBXGroup section */
		719197FF2620D41E00D9BE2D = {
			isa = PBXGroup;
			children = (
				7191980A2620D41E00D9BE2D /* iDien */,
				719198092620D41E00D9BE2D /* Products */,
			);
			sourceTree = "<group>";
		};
		719198092620D41E00D9BE2D /* Products */ = {
			isa = PBXGroup;
			children = (
				719198082620D41E00D9BE2D /* iDien.app */,
			);
			name = Products;
			sourceTree = "<group>";
		};
		7191980A2620D41E00D9BE2D /* iDien */ = {
			isa = PBXGroup;
			children = (
				7193EE23265CFC4C003D114D /* view */,
				7193EE22265CFBF9003D114D /* ui */,
				7191980B2620D41E00D9BE2D /* iDienApp.swift */,
				7191981F2620D56100D9BE2D /* Menu.swift */,
				7191981E2620D56100D9BE2D /* Order.swift */,
				719198232620D5B800D9BE2D /* menu.json */,
				7191981B2620D50F00D9BE2D /* Helper.swift */,
				7191980F2620D41E00D9BE2D /* Assets.xcassets */,
				719198142620D41E00D9BE2D /* Info.plist */,
				719198112620D41E00D9BE2D /* Preview Content */,
				712A36A2262A56A50087CE13 /* MainView.swift */,
			);
			path = iDien;
			sourceTree = "<group>";
		};
		719198112620D41E00D9BE2D /* Preview Content */ = {
			isa = PBXGroup;
			children = (
				719198122620D41E00D9BE2D /* Preview Assets.xcassets */,
			);
			path = "Preview Content";
			sourceTree = "<group>";
		};
		7193EE22265CFBF9003D114D /* ui */ = {
			isa = PBXGroup;
			children = (
				71A4D2F226349FC6008A2ADF /* CheckOutView.swift */,
				712A369F262A534B0087CE13 /* OrderView.swift */,
				7191980D2620D41E00D9BE2D /* ContentView.swift */,
			);
			path = ui;
			sourceTree = "<group>";
		};
		7193EE23265CFC4C003D114D /* view */ = {
			isa = PBXGroup;
			children = (
				71A60C9F2623741C001ED06A /* ItemRow.swift */,
				71A60CA226237EAA001ED06A /* ItemDetail.swift */,
			);
			path = view;
			sourceTree = "<group>";
		};
/* End PBXGroup section */

/* Begin PBXNativeTarget section */
		719198072620D41E00D9BE2D /* iDien */ = {
			isa = PBXNativeTarget;
			buildConfigurationList = 719198172620D41E00D9BE2D /* Build configuration list for PBXNativeTarget "iDien" */;
			buildPhases = (
				719198042620D41E00D9BE2D /* Sources */,
				719198052620D41E00D9BE2D /* Frameworks */,
				719198062620D41E00D9BE2D /* Resources */,
			);
			buildRules = (
			);
			dependencies = (
			);
			name = iDien;
			productName = iDien;
			productReference = 719198082620D41E00D9BE2D /* iDien.app */;
			productType = "com.apple.product-type.application";
		};
/* End PBXNativeTarget section */

/* Begin PBXProject section */
		719198002620D41E00D9BE2D /* Project object */ = {
			isa = PBXProject;
			attributes = {
				LastSwiftUpdateCheck = 1240;
				LastUpgradeCheck = 1240;
				TargetAttributes = {
					719198072620D41E00D9BE2D = {
						CreatedOnToolsVersion = 12.4;
					};
				};
			};
			buildConfigurationList = 719198032620D41E00D9BE2D /* Build configuration list for PBXProject "iDien" */;
			compatibilityVersion = "Xcode 9.3";
			developmentRegion = en;
			hasScannedForEncodings = 0;
			knownRegions = (
				en,
				Base,
			);
			mainGroup = 719197FF2620D41E00D9BE2D;
			productRefGroup = 719198092620D41E00D9BE2D /* Products */;
			projectDirPath = "";
			projectRoot = "";
			targets = (
				719198072620D41E00D9BE2D /* iDien */,
			);
		};
/* End PBXProject section */

/* Begin PBXResourcesBuildPhase section */
		719198062620D41E00D9BE2D /* Resources */ = {
			isa = PBXResourcesBuildPhase;
			buildActionMask = 2147483647;
			files = (
				719198242620D5B800D9BE2D /* menu.json in Resources */,
				719198132620D41E00D9BE2D /* Preview Assets.xcassets in Resources */,
				719198102620D41E00D9BE2D /* Assets.xcassets in Resources */,
			);
			runOnlyForDeploymentPostprocessing = 0;
		};
/* End PBXResourcesBuildPhase section */

/* Begin PBXSourcesBuildPhase section */
		719198042620D41E00D9BE2D /* Sources */ = {
			isa = PBXSourcesBuildPhase;
			buildActionMask = 2147483647;
			files = (
				71A60CA326237EAA001ED06A /* ItemDetail.swift in Sources */,
				712A36A3262A56A50087CE13 /* MainView.swift in Sources */,
				712A36A0262A534B0087CE13 /* OrderView.swift in Sources */,
				7191980E2620D41E00D9BE2D /* ContentView.swift in Sources */,
				7191980C2620D41E00D9BE2D /* iDienApp.swift in Sources */,
				719198202620D56100D9BE2D /* Order.swift in Sources */,
				71A4D2F326349FC6008A2ADF /* CheckOutView.swift in Sources */,
				71A60CA02623741C001ED06A /* ItemRow.swift in Sources */,
				7191981C2620D50F00D9BE2D /* Helper.swift in Sources */,
				719198212620D56100D9BE2D /* Menu.swift in Sources */,
			);
			runOnlyForDeploymentPostprocessing = 0;
		};
/* End PBXSourcesBuildPhase section */

/* Begin XCBuildConfiguration section */
		719198152620D41E00D9BE2D /* Debug */ = {
			isa = XCBuildConfiguration;
			buildSettings = {
				ALWAYS_SEARCH_USER_PATHS = NO;
				CLANG_ANALYZER_NONNULL = YES;
				CLANG_ANALYZER_NUMBER_OBJECT_CONVERSION = YES_AGGRESSIVE;
				CLANG_CXX_LANGUAGE_STANDARD = "gnu++14";
				CLANG_CXX_LIBRARY = "libc++";
				CLANG_ENABLE_MODULES = YES;
				CLANG_ENABLE_OBJC_ARC = YES;
				CLANG_ENABLE_OBJC_WEAK = YES;
				CLANG_WARN_BLOCK_CAPTURE_AUTORELEASING = YES;
				CLANG_WARN_BOOL_CONVERSION = YES;
				CLANG_WARN_COMMA = YES;
				CLANG_WARN_CONSTANT_CONVERSION = YES;
				CLANG_WARN_DEPRECATED_OBJC_IMPLEMENTATIONS = YES;
				CLANG_WARN_DIRECT_OBJC_ISA_USAGE = YES_ERROR;
				CLANG_WARN_DOCUMENTATION_COMMENTS = YES;
				CLANG_WARN_EMPTY_BODY = YES;
				CLANG_WARN_ENUM_CONVERSION = YES;
				CLANG_WARN_INFINITE_RECURSION = YES;
				CLANG_WARN_INT_CONVERSION = YES;
				CLANG_WARN_NON_LITERAL_NULL_CONVERSION = YES;
				CLANG_WARN_OBJC_IMPLICIT_RETAIN_SELF = YES;
				CLANG_WARN_OBJC_LITERAL_CONVERSION = YES;
				CLANG_WARN_OBJC_ROOT_CLASS = YES_ERROR;
				CLANG_WARN_QUOTED_INCLUDE_IN_FRAMEWORK_HEADER = YES;
				CLANG_WARN_RANGE_LOOP_ANALYSIS = YES;
				CLANG_WARN_STRICT_PROTOTYPES = YES;
				CLANG_WARN_SUSPICIOUS_MOVE = YES;
				CLANG_WARN_UNGUARDED_AVAILABILITY = YES_AGGRESSIVE;
				CLANG_WARN_UNREACHABLE_CODE = YES;
				CLANG_WARN__DUPLICATE_METHOD_MATCH = YES;
				COPY_PHASE_STRIP = NO;
				DEBUG_INFORMATION_FORMAT = dwarf;
				ENABLE_STRICT_OBJC_MSGSEND = YES;
				ENABLE_TESTABILITY = YES;
				GCC_C_LANGUAGE_STANDARD = gnu11;
				GCC_DYNAMIC_NO_PIC = NO;
				GCC_NO_COMMON_BLOCKS = YES;
				GCC_OPTIMIZATION_LEVEL = 0;
				GCC_PREPROCESSOR_DEFINITIONS = (
					"DEBUG=1",
					"$(inherited)",
				);
				GCC_WARN_64_TO_32_BIT_CONVERSION = YES;
				GCC_WARN_ABOUT_RETURN_TYPE = YES_ERROR;
				GCC_WARN_UNDECLARED_SELECTOR = YES;
				GCC_WARN_UNINITIALIZED_AUTOS = YES_AGGRESSIVE;
				GCC_WARN_UNUSED_FUNCTION = YES;
				GCC_WARN_UNUSED_VARIABLE = YES;
				IPHONEOS_DEPLOYMENT_TARGET = 14.4;
				MTL_ENABLE_DEBUG_INFO = INCLUDE_SOURCE;
				MTL_FAST_MATH = YES;
				ONLY_ACTIVE_ARCH = YES;
				SDKROOT = iphoneos;
				SWIFT_ACTIVE_COMPILATION_CONDITIONS = DEBUG;
				SWIFT_OPTIMIZATION_LEVEL = "-Onone";
			};
			name = Debug;
		};
		719198162620D41E00D9BE2D /* Release */ = {
			isa = XCBuildConfiguration;
			buildSettings = {
				ALWAYS_SEARCH_USER_PATHS = NO;
				CLANG_ANALYZER_NONNULL = YES;
				CLANG_ANALYZER_NUMBER_OBJECT_CONVERSION = YES_AGGRESSIVE;
				CLANG_CXX_LANGUAGE_STANDARD = "gnu++14";
				CLANG_CXX_LIBRARY = "libc++";
				CLANG_ENABLE_MODULES = YES;
				CLANG_ENABLE_OBJC_ARC = YES;
				CLANG_ENABLE_OBJC_WEAK = YES;
				CLANG_WARN_BLOCK_CAPTURE_AUTORELEASING = YES;
				CLANG_WARN_BOOL_CONVERSION = YES;
				CLANG_WARN_COMMA = YES;
				CLANG_WARN_CONSTANT_CONVERSION = YES;
				CLANG_WARN_DEPRECATED_OBJC_IMPLEMENTATIONS = YES;
				CLANG_WARN_DIRECT_OBJC_ISA_USAGE = YES_ERROR;
				CLANG_WARN_DOCUMENTATION_COMMENTS = YES;
				CLANG_WARN_EMPTY_BODY = YES;
				CLANG_WARN_ENUM_CONVERSION = YES;
				CLANG_WARN_INFINITE_RECURSION = YES;
				CLANG_WARN_INT_CONVERSION = YES;
				CLANG_WARN_NON_LITERAL_NULL_CONVERSION = YES;
				CLANG_WARN_OBJC_IMPLICIT_RETAIN_SELF = YES;
				CLANG_WARN_OBJC_LITERAL_CONVERSION = YES;
				CLANG_WARN_OBJC_ROOT_CLASS = YES_ERROR;
				CLANG_WARN_QUOTED_INCLUDE_IN_FRAMEWORK_HEADER = YES;
				CLANG_WARN_RANGE_LOOP_ANALYSIS = YES;
				CLANG_WARN_STRICT_PROTOTYPES = YES;
				CLANG_WARN_SUSPICIOUS_MOVE = YES;
				CLANG_WARN_UNGUARDED_AVAILABILITY = YES_AGGRESSIVE;
				CLANG_WARN_UNREACHABLE_CODE = YES;
				CLANG_WARN__DUPLICATE_METHOD_MATCH = YES;
				COPY_PHASE_STRIP = NO;
				DEBUG_INFORMATION_FORMAT = "dwarf-with-dsym";
				ENABLE_NS_ASSERTIONS = NO;
				ENABLE_STRICT_OBJC_MSGSEND = YES;
				GCC_C_LANGUAGE_STANDARD = gnu11;
				GCC_NO_COMMON_BLOCKS = YES;
				GCC_WARN_64_TO_32_BIT_CONVERSION = YES;
				GCC_WARN_ABOUT_RETURN_TYPE = YES_ERROR;
				GCC_WARN_UNDECLARED_SELECTOR = YES;
				GCC_WARN_UNINITIALIZED_AUTOS = YES_AGGRESSIVE;
				GCC_WARN_UNUSED_FUNCTION = YES;
				GCC_WARN_UNUSED_VARIABLE = YES;
				IPHONEOS_DEPLOYMENT_TARGET = 14.4;
				MTL_ENABLE_DEBUG_INFO = NO;
				MTL_FAST_MATH = YES;
				SDKROOT = iphoneos;
				SWIFT_COMPILATION_MODE = wholemodule;
				SWIFT_OPTIMIZATION_LEVEL = "-O";
				VALIDATE_PRODUCT = YES;
			};
			name = Release;
		};
		719198182620D41E00D9BE2D /* Debug */ = {
			isa = XCBuildConfiguration;
			buildSettings = {
				ASSETCATALOG_COMPILER_APPICON_NAME = AppIcon;
				ASSETCATALOG_COMPILER_GLOBAL_ACCENT_COLOR_NAME = AccentColor;
				CODE_SIGN_STYLE = Automatic;
				DEVELOPMENT_ASSET_PATHS = "\"iDien/Preview Content\"";
				ENABLE_PREVIEWS = YES;
				INFOPLIST_FILE = iDien/Info.plist;
				IPHONEOS_DEPLOYMENT_TARGET = 14.0;
				LD_RUNPATH_SEARCH_PATHS = (
					"$(inherited)",
					"@executable_path/Frameworks",
				);
				PRODUCT_BUNDLE_IDENTIFIER = com.techfort.iDien;
				PRODUCT_NAME = "$(TARGET_NAME)";
				SWIFT_VERSION = 5.0;
				TARGETED_DEVICE_FAMILY = "1,2";
			};
			name = Debug;
		};
		719198192620D41E00D9BE2D /* Release */ = {
			isa = XCBuildConfiguration;
			buildSettings = {
				ASSETCATALOG_COMPILER_APPICON_NAME = AppIcon;
				ASSETCATALOG_COMPILER_GLOBAL_ACCENT_COLOR_NAME = AccentColor;
				CODE_SIGN_STYLE = Automatic;
				DEVELOPMENT_ASSET_PATHS = "\"iDien/Preview Content\"";
				ENABLE_PREVIEWS = YES;
				INFOPLIST_FILE = iDien/Info.plist;
				IPHONEOS_DEPLOYMENT_TARGET = 14.0;
				LD_RUNPATH_SEARCH_PATHS = (
					"$(inherited)",
					"@executable_path/Frameworks",
				);
				PRODUCT_BUNDLE_IDENTIFIER = com.techfort.iDien;
				PRODUCT_NAME = "$(TARGET_NAME)";
				SWIFT_VERSION = 5.0;
				TARGETED_DEVICE_FAMILY = "1,2";
			};
			name = Release;
		};
/* End XCBuildConfiguration section */

/* Begin XCConfigurationList section */
		719198032620D41E00D9BE2D /* Build configuration list for PBXProject "iDien" */ = {
			isa = XCConfigurationList;
			buildConfigurations = (
				719198152620D41E00D9BE2D /* Debug */,
				719198162620D41E00D9BE2D /* Release */,
			);
			defaultConfigurationIsVisible = 0;
			defaultConfigurationName = Release;
		};
		719198172620D41E00D9BE2D /* Build configuration list for PBXNativeTarget "iDien" */ = {
			isa = XCConfigurationList;
			buildConfigurations = (
				719198182620D41E00D9BE2D /* Debug */,
				719198192620D41E00D9BE2D /* Release */,
			);
			defaultConfigurationIsVisible = 0;
			defaultConfigurationName = Release;
		};
/* End XCConfigurationList section */
	};
	rootObject = 719198002620D41E00D9BE2D /* Project object */;
}
